{
  "lockfileVersion": 4,
  "dependencies": {
    "@sinonjs/commons": {
      "version": "1.8.6",
      "resolved": "https://registry.npmjs.org/@sinonjs/commons/-/commons-1.8.6.tgz",
      "integrity": "sha512-Ky+XkAkqPZSm3NLBeUng77EBQl3cmeJhITaGHdYH8kjVB+aun3S4XBRti2zt17mtt0mIUDiNxYeoJm6drVvBJQ==",
      "dependencies": {
        "type-detect": {
          "version": "4.0.8",
          "resolved": "https://registry.npmjs.org/type-detect/-/type-detect-4.0.8.tgz",
          "integrity": "sha512-0fr/mIH1dlO+x7TlcMy+bIDqKPsw/70tVyeHW787goQjhmqaZe10uwLujubK9q9Lg6Fiho1KUKDYz0Z7k7g5/g=="
        }
      }
    },
    "@sinonjs/formatio": {
      "version": "3.2.2",
      "resolved": "https://registry.npmjs.org/@sinonjs/formatio/-/formatio-3.2.2.tgz",
      "integrity": "sha512-B8SEsgd8gArBLMD6zpRw3juQ2FVSsmdd7qlevyDqzS9WTCtvF55/gAL+h6gue8ZvPYcdiPdvueM/qm//9XzyTQ=="
    },
    "@sinonjs/samsam": {
      "version": "3.3.3",
      "resolved": "https://registry.npmjs.org/@sinonjs/samsam/-/samsam-3.3.3.tgz",
      "integrity": "sha512-bKCMKZvWIjYD0BLGnNrxVuw4dkWCYsLqFOUWw8VgKF/+5Y+mE7LfHWPIYoDXowH+3a9LsWDMo0uAP8YDosPvHQ=="
    },
    "@sinonjs/text-encoding": {
      "version": "0.7.3",
      "resolved": "https://registry.npmjs.org/@sinonjs/text-encoding/-/text-encoding-0.7.3.tgz",
      "integrity": "sha512-DE427ROAphMQzU4ENbliGYrBSYPXF+TtLg9S8vzeA+OF4ZKzoDdzfL8sxuMUGS/lgRhM6j1URSk9ghf7Xo1tyA=="
    },
    "array-from": {
      "version": "2.1.1",
      "resolved": "https://registry.npmjs.org/array-from/-/array-from-2.1.1.tgz",
      "integrity": "sha512-GQTc6Uupx1FCavi5mPzBvVT7nEOeWMmUA9P95wpfpW1XwMSKs+KaymD5C2Up7KAUKg/mYwbsUYzdZWcoajlNZg=="
    },
    "assertion-error": {
      "version": "1.1.0",
      "resolved": "https://registry.npmjs.org/assertion-error/-/assertion-error-1.1.0.tgz",
      "integrity": "sha512-jgsaNduz+ndvGyFt3uSuWqvy4lCnIJiovtouQN5JZHOKCS2QuhEdbcQHFhVksz2N2U9hXJo8odG7ETyWlEeuDw=="
    },
    "chai": {
      "version": "4.5.0",
      "resolved": "https://registry.npmjs.org/chai/-/chai-4.5.0.tgz",
      "integrity": "sha512-RITGBfijLkBddZvnn8jdqoTypxvqbOLYQkGGxXzeFjVHvudaPw0HNFD9x928/eUwYWd2dPCugVqspGALTZZQKw=="
    },
    "check-error": {
      "version": "1.0.3",
      "resolved": "https://registry.npmjs.org/check-error/-/check-error-1.0.3.tgz",
      "integrity": "sha512-iKEoDYaRmd1mxM90a2OEfWhjsjPpYPuQ+lMYsoxB126+t8fw7ySEO48nmDg5COTjxDI65/Y2OWpeEHk3ZOe8zg=="
    },
    "deep-eql": {
      "version": "4.1.4",
      "resolved": "https://registry.npmjs.org/deep-eql/-/deep-eql-4.1.4.tgz",
      "integrity": "sha512-SUwdGfqdKOwxCPeVYjwSyRpJ7Z+fhpwIAtmCUdZIWZ/YP5R9WAsyuSgpLVDi9bjWoN2LXHNss/dk3urXtdQxGg=="
    },
    "diff": {
      "version": "3.5.0",
      "resolved": "https://registry.npmjs.org/diff/-/diff-3.5.0.tgz",
      "integrity": "sha512-A46qtFgd+g7pDZinpnwiRJtxbC1hpgf0uzP3iG89scHk0AUC7A1TGxf5OiiOUv/JMZR8GOt8hL900hV0bOy5xA=="
    },
    "eventemitter3": {
      "version": "5.0.1",
      "resolved": "https://registry.npmjs.org/eventemitter3/-/eventemitter3-5.0.1.tgz",
      "integrity": "sha512-GWkBvjiSZK87ELrYOSESUYeVIc9mvLLf/nXalMOS5dYrgZq9o5OVkbZAVM06CVxYsCwH9BDZFPlQTlPA1j4ahA=="
    },
    "get-func-name": {
      "version": "2.0.2",
      "resolved": "https://registry.npmjs.org/get-func-name/-/get-func-name-2.0.2.tgz",
      "integrity": "sha512-8vXOvuE167CtIc3OyItco7N/dpRtBbYOsPsXCz7X/PMnlGjYjSGuZJgM1Y7mmew7BKf9BqvLX2tnOVy1BBUsxQ=="
    },
    "has-flag": {
      "version": "3.0.0",
      "resolved": "https://registry.npmjs.org/has-flag/-/has-flag-3.0.0.tgz",
      "integrity": "sha512-sKJf1+ceQBr4SMkvQnBDNDtf4TXpVhVGateu0t918bl30FnbE2m4vNLX+VWe/dpjlb+HugGYzW7uQXH98HPEYw=="
    },
    "isarray": {
      "version": "0.0.1",
      "resolved": "https://registry.npmjs.org/isarray/-/isarray-0.0.1.tgz",
      "integrity": "sha512-D2S+3GLxWH+uhrNEcoh/fnmYeP8E8/zHl644d/jdA0g2uyXvy3sb0qxotE+ne0LtccHknQzWwZEzhak7oJ0COQ=="
    },
    "just-extend": {
      "version": "4.2.1",
      "resolved": "https://registry.npmjs.org/just-extend/-/just-extend-4.2.1.tgz",
      "integrity": "sha512-g3UB796vUFIY90VIv/WX3L2c8CS2MdWUww3CNrYmqza1Fg0DURc2K/O4YrnklBdQarSJ/y8JnJYDGc+1iumQjg=="
    },
    "lodash": {
      "version": "4.17.21",
      "resolved": "https://registry.npmjs.org/lodash/-/lodash-4.17.21.tgz",
      "integrity": "sha512-v2kDEe57lecTulaDIuNTPy3Ry4gLGJ6Z1O3vE1krgXZNrsQ+LFTGHVxVjcXPs17LhbZVGedAJv8XZ1tvj5FvSg=="
    },
    "lolex": {
      "version": "4.2.0",
      "resolved": "https://registry.npmjs.org/lolex/-/lolex-4.2.0.tgz",
      "integrity": "sha512-gKO5uExCXvSm6zbF562EvM+rd1kQDnB9AZBbiQVzf1ZmdDpxUSvpnAaVOP83N/31mRK8Ml8/VE8DMvsAZQ+7wg=="
    },
    "loupe": {
      "version": "2.3.7",
      "resolved": "https://registry.npmjs.org/loupe/-/loupe-2.3.7.tgz",
      "integrity": "sha512-zSMINGVYkdpYSOBmLi0D1Uo7JU9nVdQKrHxC8eYlV+9YKK9WePqAlL7lSlorG/U2Fw1w0hTBmaa/jrQ3UbPHtA=="
    },
    "nise": {
      "version": "1.5.3",
      "resolved": "https://registry.npmjs.org/nise/-/nise-1.5.3.tgz",
      "integrity": "sha512-Ymbac/94xeIrMf59REBPOv0thr+CJVFMhrlAkW/gjCIE58BGQdCj0x7KRCb3yz+Ga2Rz3E9XXSvUyyxqqhjQAQ==",
      "dependencies": {
        "lolex": {
          "version": "5.1.2",
          "resolved": "https://registry.npmjs.org/lolex/-/lolex-5.1.2.tgz",
          "integrity": "sha512-h4hmjAvHTmd+25JSwrtTIuwbKdwg5NzZVRMLn9saij4SZaepCrTCxPr35H/3bjwfMJtN+t3CX8672UIkglz28A=="
        }
      }
    },
    "path-to-regexp": {
      "version": "1.9.0",
      "resolved": "https://registry.npmjs.org/path-to-regexp/-/path-to-regexp-1.9.0.tgz",
      "integrity": "sha512-xIp7/apCFJuUHdDLWe8O1HIkb0kQrOMb/0u6FXQjemHn/ii5LrIzU6bdECnsiTF/GjZkMEKg1xdiZwNqDYlZ6g=="
    },
    "pathval": {
      "version": "1.1.1",
      "resolved": "https://registry.npmjs.org/pathval/-/pathval-1.1.1.tgz",
      "integrity": "sha512-Dp6zGqpTdETdR63lehJYPeIOqpiNBNtc7BpWSLrOje7UaIsE5aY92r/AunQA7rsXvet3lrJ3JnZX29UPTKXyKQ=="
    },
    "sinon": {
      "version": "7.5.0",
      "resolved": "https://registry.npmjs.org/sinon/-/sinon-7.5.0.tgz",
      "integrity": "sha512-AoD0oJWerp0/rY9czP/D6hDTTUYGpObhZjMpd7Cl/A6+j0xBE+ayL/ldfggkBXUs0IkvIiM1ljM8+WkOc5k78Q=="
    },
    "supports-color": {
      "version": "5.5.0",
      "resolved": "https://registry.npmjs.org/supports-color/-/supports-color-5.5.0.tgz",
      "integrity": "sha512-QjVjwdXIt408MIiAqCX4oUKsgU2EqAGzs2Ppkm4aQYbjm+ZEWEcW4SfFNTr4uMNZma0ey4f5lgLrkB0aX0QMow=="
    },
    "type-detect": {
      "version": "4.1.0",
      "resolved": "https://registry.npmjs.org/type-detect/-/type-detect-4.1.0.tgz",
      "integrity": "sha512-Acylog8/luQ8L7il+geoSxhEkazvkslg7PSNKOX59mbB9cOveP5aq9h74Y7YU8yDpJwetzQQrfIwtf4Wp4LKcw=="
    }
  }
}
